
Microsoft Visual Studio Solution File, Format Version 12.00
# Visual Studio Version 17
VisualStudioVersion = 17.14.36109.1
MinimumVisualStudioVersion = 10.0.40219.1
Project("{FAE04EC0-301F-11D3-BF4B-00C04F79EFBC}") = "EnterpriseAnooshehCms.API", "EnterpriseAnooshehCms.API\EnterpriseAnooshehCms.API.csproj", "{4AA1C323-7897-4F98-B254-F51E7A4DC27E}"
EndProject
Project("{FAE04EC0-301F-11D3-BF4B-00C04F79EFBC}") = "EnterpriseCms.Domain", "EnterpriseCms.Domain\EnterpriseCms.Domain.csproj", "{5CEB5DE2-EF92-41C7-A6D3-BF71A55F76CC}"
EndProject
Project("{FAE04EC0-301F-11D3-BF4B-00C04F79EFBC}") = "EnterpriseCms.Application", "EnterpriseCms.Application\EnterpriseCms.Application.csproj", "{75FF657A-BC02-4D34-B06C-F4B1F30A421D}"
EndProject
Project("{FAE04EC0-301F-11D3-BF4B-00C04F79EFBC}") = "EnterpriseCms.Infrastructure", "EnterpriseCms.Infrastructure\EnterpriseCms.Infrastructure.csproj", "{0C191A6C-18C3-4EEB-9399-CEFF98F6BD2C}"
EndProject
Project("{FAE04EC0-301F-11D3-BF4B-00C04F79EFBC}") = "EnterpriseCms.Tests", "EnterpriseCms.Tests\EnterpriseCms.Tests.csproj", "{C68BF043-7B14-4691-B65B-94F5554E228B}"
EndProject
Project("{FAE04EC0-301F-11D3-BF4B-00C04F79EFBC}") = "EnterpriseCms.IntegrationTests", "EnterpriseCms.IntegrationTests\EnterpriseCms.IntegrationTests.csproj", "{D94B045A-7B03-42FC-AC3B-959FA4C26D64}"
EndProject
Global
	GlobalSection(SolutionConfigurationPlatforms) = preSolution
		Debug|Any CPU = Debug|Any CPU
		Release|Any CPU = Release|Any CPU
	EndGlobalSection
	GlobalSection(ProjectConfigurationPlatforms) = postSolution
		{4AA1C323-7897-4F98-B254-F51E7A4DC27E}.Debug|Any CPU.ActiveCfg = Debug|Any CPU
		{4AA1C323-7897-4F98-B254-F51E7A4DC27E}.Debug|Any CPU.Build.0 = Debug|Any CPU
		{4AA1C323-7897-4F98-B254-F51E7A4DC27E}.Release|Any CPU.ActiveCfg = Release|Any CPU
		{4AA1C323-7897-4F98-B254-F51E7A4DC27E}.Release|Any CPU.Build.0 = Release|Any CPU
		{5CEB5DE2-EF92-41C7-A6D3-BF71A55F76CC}.Debug|Any CPU.ActiveCfg = Debug|Any CPU
		{5CEB5DE2-EF92-41C7-A6D3-BF71A55F76CC}.Debug|Any CPU.Build.0 = Debug|Any CPU
		{5CEB5DE2-EF92-41C7-A6D3-BF71A55F76CC}.Release|Any CPU.ActiveCfg = Release|Any CPU
		{5CEB5DE2-EF92-41C7-A6D3-BF71A55F76CC}.Release|Any CPU.Build.0 = Release|Any CPU
		{75FF657A-BC02-4D34-B06C-F4B1F30A421D}.Debug|Any CPU.ActiveCfg = Debug|Any CPU
		{75FF657A-BC02-4D34-B06C-F4B1F30A421D}.Debug|Any CPU.Build.0 = Debug|Any CPU
		{75FF657A-BC02-4D34-B06C-F4B1F30A421D}.Release|Any CPU.ActiveCfg = Release|Any CPU
		{75FF657A-BC02-4D34-B06C-F4B1F30A421D}.Release|Any CPU.Build.0 = Release|Any CPU
		{0C191A6C-18C3-4EEB-9399-CEFF98F6BD2C}.Debug|Any CPU.ActiveCfg = Debug|Any CPU
		{0C191A6C-18C3-4EEB-9399-CEFF98F6BD2C}.Debug|Any CPU.Build.0 = Debug|Any CPU
		{0C191A6C-18C3-4EEB-9399-CEFF98F6BD2C}.Release|Any CPU.ActiveCfg = Release|Any CPU
		{0C191A6C-18C3-4EEB-9399-CEFF98F6BD2C}.Release|Any CPU.Build.0 = Release|Any CPU
		{C68BF043-7B14-4691-B65B-94F5554E228B}.Debug|Any CPU.ActiveCfg = Debug|Any CPU
		{C68BF043-7B14-4691-B65B-94F5554E228B}.Debug|Any CPU.Build.0 = Debug|Any CPU
		{C68BF043-7B14-4691-B65B-94F5554E228B}.Release|Any CPU.ActiveCfg = Release|Any CPU
		{C68BF043-7B14-4691-B65B-94F5554E228B}.Release|Any CPU.Build.0 = Release|Any CPU
		{D94B045A-7B03-42FC-AC3B-959FA4C26D64}.Debug|Any CPU.ActiveCfg = Debug|Any CPU
		{D94B045A-7B03-42FC-AC3B-959FA4C26D64}.Debug|Any CPU.Build.0 = Debug|Any CPU
		{D94B045A-7B03-42FC-AC3B-959FA4C26D64}.Release|Any CPU.ActiveCfg = Release|Any CPU
		{D94B045A-7B03-42FC-AC3B-959FA4C26D64}.Release|Any CPU.Build.0 = Release|Any CPU
	EndGlobalSection
	GlobalSection(SolutionProperties) = preSolution
		HideSolutionNode = FALSE
	EndGlobalSection
	GlobalSection(ExtensibilityGlobals) = postSolution
		SolutionGuid = {11546C54-9265-4986-AB25-01300D2A6ADC}
	EndGlobalSection
EndGlobal
